
Microsoft Visual Studio Solution File, Format Version 12.00
# Visual Studio 15
VisualStudioVersion = 15.0.28010.2046
MinimumVisualStudioVersion = 10.0.40219.1
Project("{FAE04EC0-301F-11D3-BF4B-00C04F79EFBC}") = "FizzBuzz", "FizzBuzz\FizzBuzz.csproj", "{374FE827-5F79-4335-88B9-9A85C172624A}"
EndProject
Global
	GlobalSection(SolutionConfigurationPlatforms) = preSolution
		Debug|Any CPU = Debug|Any CPU
		Release|Any CPU = Release|Any CPU
	EndGlobalSection
	GlobalSection(ProjectConfigurationPlatforms) = postSolution
		{374FE827-5F79-4335-88B9-9A85C172624A}.Debug|Any CPU.ActiveCfg = Debug|Any CPU
		{374FE827-5F79-4335-88B9-9A85C172624A}.Debug|Any CPU.Build.0 = Debug|Any CPU
		{374FE827-5F79-4335-88B9-9A85C172624A}.Release|Any CPU.ActiveCfg = Release|Any CPU
		{374FE827-5F79-4335-88B9-9A85C172624A}.Release|Any CPU.Build.0 = Release|Any CPU
	EndGlobalSection
	GlobalSection(SolutionProperties) = preSolution
		HideSolutionNode = FALSE
	EndGlobalSection
	GlobalSection(ExtensibilityGlobals) = postSolution
		SolutionGuid = {ED919F27-0518-477F-B0AB-270610DF1CB8}
	EndGlobalSection
EndGlobal
